<?xml version="1.0" encoding="utf-8"?>
<Project ToolsVersion="17.0" xmlns="http://schemas.microsoft.com/developer/msbuild/2003">
  <ItemGroup>
    <ClCompile Include="C:\Users\nidok\Desktop\Unity\firework2\firework2_cvdll\CvDll\opencv_contrib\modules\ximgproc\perf\perf_adaptive_manifold.cpp">
      <Filter>opencv_ximgproc\Src</Filter>
    </ClCompile>
    <ClCompile Include="C:\Users\nidok\Desktop\Unity\firework2\firework2_cvdll\CvDll\opencv_contrib\modules\ximgproc\perf\perf_bilateral_texture_filter.cpp">
      <Filter>opencv_ximgproc\Src</Filter>
    </ClCompile>
    <ClCompile Include="C:\Users\nidok\Desktop\Unity\firework2\firework2_cvdll\CvDll\opencv_contrib\modules\ximgproc\perf\perf_disparity_wls_filter.cpp">
      <Filter>opencv_ximgproc\Src</Filter>
    </ClCompile>
    <ClCompile Include="C:\Users\nidok\Desktop\Unity\firework2\firework2_cvdll\CvDll\opencv_contrib\modules\ximgproc\perf\perf_domain_transform.cpp">
      <Filter>opencv_ximgproc\Src</Filter>
    </ClCompile>
    <ClCompile Include="C:\Users\nidok\Desktop\Unity\firework2\firework2_cvdll\CvDll\opencv_contrib\modules\ximgproc\perf\perf_edgepreserving_filter.cpp">
      <Filter>opencv_ximgproc\Src</Filter>
    </ClCompile>
    <ClCompile Include="C:\Users\nidok\Desktop\Unity\firework2\firework2_cvdll\CvDll\opencv_contrib\modules\ximgproc\perf\perf_fast_hough_transform.cpp">
      <Filter>opencv_ximgproc\Src</Filter>
    </ClCompile>
    <ClCompile Include="C:\Users\nidok\Desktop\Unity\firework2\firework2_cvdll\CvDll\opencv_contrib\modules\ximgproc\perf\perf_fgs_filter.cpp">
      <Filter>opencv_ximgproc\Src</Filter>
    </ClCompile>
    <ClCompile Include="C:\Users\nidok\Desktop\Unity\firework2\firework2_cvdll\CvDll\opencv_contrib\modules\ximgproc\perf\perf_find_ellipses.cpp">
      <Filter>opencv_ximgproc\Src</Filter>
    </ClCompile>
    <ClCompile Include="C:\Users\nidok\Desktop\Unity\firework2\firework2_cvdll\CvDll\opencv_contrib\modules\ximgproc\perf\perf_guided_filter.cpp">
      <Filter>opencv_ximgproc\Src</Filter>
    </ClCompile>
    <ClCompile Include="C:\Users\nidok\Desktop\Unity\firework2\firework2_cvdll\CvDll\opencv_contrib\modules\ximgproc\perf\perf_joint_bilateral_filter.cpp">
      <Filter>opencv_ximgproc\Src</Filter>
    </ClCompile>
    <ClCompile Include="C:\Users\nidok\Desktop\Unity\firework2\firework2_cvdll\CvDll\opencv_contrib\modules\ximgproc\perf\perf_l0_smooth.cpp">
      <Filter>opencv_ximgproc\Src</Filter>
    </ClCompile>
    <ClCompile Include="C:\Users\nidok\Desktop\Unity\firework2\firework2_cvdll\CvDll\opencv_contrib\modules\ximgproc\perf\perf_main.cpp">
      <Filter>opencv_ximgproc\Src</Filter>
    </ClCompile>
    <ClCompile Include="C:\Users\nidok\Desktop\Unity\firework2\firework2_cvdll\CvDll\opencv_contrib\modules\ximgproc\perf\perf_radon_transform.cpp">
      <Filter>opencv_ximgproc\Src</Filter>
    </ClCompile>
    <ClCompile Include="C:\Users\nidok\Desktop\Unity\firework2\firework2_cvdll\CvDll\opencv_contrib\modules\ximgproc\perf\perf_ridge_detection_filter.cpp">
      <Filter>opencv_ximgproc\Src</Filter>
    </ClCompile>
    <ClCompile Include="C:\Users\nidok\Desktop\Unity\firework2\firework2_cvdll\CvDll\opencv_contrib\modules\ximgproc\perf\perf_rolling_guidance_filter.cpp">
      <Filter>opencv_ximgproc\Src</Filter>
    </ClCompile>
    <ClCompile Include="C:\Users\nidok\Desktop\Unity\firework2\firework2_cvdll\CvDll\opencv_contrib\modules\ximgproc\perf\perf_run_length_morphology.cpp">
      <Filter>opencv_ximgproc\Src</Filter>
    </ClCompile>
    <ClCompile Include="C:\Users\nidok\Desktop\Unity\firework2\firework2_cvdll\CvDll\opencv_contrib\modules\ximgproc\perf\perf_weighted_median_filter.cpp">
      <Filter>opencv_ximgproc\Src</Filter>
    </ClCompile>
  </ItemGroup>
  <ItemGroup>
    <ClInclude Include="C:\Users\nidok\Desktop\Unity\firework2\firework2_cvdll\CvDll\opencv_contrib\modules\ximgproc\perf\perf_precomp.hpp">
      <Filter>opencv_ximgproc\Include</Filter>
    </ClInclude>
  </ItemGroup>
  <ItemGroup>
    <CustomBuild Include="C:\Users\nidok\Desktop\Unity\firework2\firework2_cvdll\CvDll\opencv\modules\world\CMakeLists.txt" />
  </ItemGroup>
  <ItemGroup>
    <Filter Include="opencv_ximgproc">
      <UniqueIdentifier>{F92D4E70-4040-39BE-82F0-FCB4B62A2412}</UniqueIdentifier>
    </Filter>
    <Filter Include="opencv_ximgproc\Include">
      <UniqueIdentifier>{30C751B7-BA1A-30EF-A737-C0E5372D3C9F}</UniqueIdentifier>
    </Filter>
    <Filter Include="opencv_ximgproc\Src">
      <UniqueIdentifier>{DB0FB805-0E3B-30BB-989B-9CFF60DDE51A}</UniqueIdentifier>
    </Filter>
  </ItemGroup>
</Project>
