<?xml version="1.0" encoding="utf-8"?>
<Project ToolsVersion="17.0" xmlns="http://schemas.microsoft.com/developer/msbuild/2003">
  <ItemGroup>
    <ClCompile Include="C:\Users\nidok\Desktop\Unity\firework2\firework2_cvdll\CvDll\opencv_contrib\modules\rapid\test\test_main.cpp">
      <Filter>opencv_rapid\Src</Filter>
    </ClCompile>
  </ItemGroup>
  <ItemGroup>
    <ClInclude Include="C:\Users\nidok\Desktop\Unity\firework2\firework2_cvdll\CvDll\opencv_contrib\modules\rapid\test\test_precomp.hpp">
      <Filter>opencv_rapid\Include</Filter>
    </ClInclude>
  </ItemGroup>
  <ItemGroup>
    <CustomBuild Include="C:\Users\nidok\Desktop\Unity\firework2\firework2_cvdll\CvDll\opencv\modules\world\CMakeLists.txt" />
  </ItemGroup>
  <ItemGroup>
    <Filter Include="opencv_rapid">
      <UniqueIdentifier>{7AE65188-2312-3D01-B917-420EFCE8CEF2}</UniqueIdentifier>
    </Filter>
    <Filter Include="opencv_rapid\Include">
      <UniqueIdentifier>{9EC082A9-0262-32CF-864A-FF6FE9818AE9}</UniqueIdentifier>
    </Filter>
    <Filter Include="opencv_rapid\Src">
      <UniqueIdentifier>{77C2C782-D19F-3E17-847E-B373795AB3B3}</UniqueIdentifier>
    </Filter>
  </ItemGroup>
</Project>
