<?xml version="1.0" encoding="utf-8"?>
<Project ToolsVersion="17.0" xmlns="http://schemas.microsoft.com/developer/msbuild/2003">
  <ItemGroup>
    <ClCompile Include="C:\Users\nidok\Desktop\Unity\firework2_lib\opencv_contrib\modules\aruco\test\test_aruco_tutorial.cpp">
      <Filter>opencv_aruco\Src</Filter>
    </ClCompile>
    <ClCompile Include="C:\Users\nidok\Desktop\Unity\firework2_lib\opencv_contrib\modules\aruco\test\test_main.cpp">
      <Filter>opencv_aruco\Src</Filter>
    </ClCompile>
  </ItemGroup>
  <ItemGroup>
    <ClInclude Include="C:\Users\nidok\Desktop\Unity\firework2_lib\opencv_contrib\modules\aruco\test\test_aruco_utils.hpp">
      <Filter>opencv_aruco\Include</Filter>
    </ClInclude>
    <ClInclude Include="C:\Users\nidok\Desktop\Unity\firework2_lib\opencv_contrib\modules\aruco\test\test_precomp.hpp">
      <Filter>opencv_aruco\Include</Filter>
    </ClInclude>
  </ItemGroup>
  <ItemGroup>
    <CustomBuild Include="C:\Users\nidok\Desktop\Unity\firework2_lib\opencv\modules\world\CMakeLists.txt" />
  </ItemGroup>
  <ItemGroup>
    <Filter Include="opencv_aruco">
      <UniqueIdentifier>{2BD2632B-E4D6-3558-AB76-BC08C1F1B7DC}</UniqueIdentifier>
    </Filter>
    <Filter Include="opencv_aruco\Include">
      <UniqueIdentifier>{1CE81D6C-0933-30B9-8D1D-97456ADB5266}</UniqueIdentifier>
    </Filter>
    <Filter Include="opencv_aruco\Src">
      <UniqueIdentifier>{F0209BA2-E34A-39B3-80A6-59E8F9CD7073}</UniqueIdentifier>
    </Filter>
  </ItemGroup>
</Project>
