<?xml version="1.0" encoding="utf-8"?>
<Project ToolsVersion="17.0" xmlns="http://schemas.microsoft.com/developer/msbuild/2003">
  <ItemGroup>
    <ClCompile Include="C:\Users\nidok\Desktop\Unity\firework2_lib\opencv_contrib\modules\dnn_superres\perf\perf_dnn_superres.cpp">
      <Filter>opencv_dnn_superres\Src</Filter>
    </ClCompile>
    <ClCompile Include="C:\Users\nidok\Desktop\Unity\firework2_lib\opencv_contrib\modules\dnn_superres\perf\perf_main.cpp">
      <Filter>opencv_dnn_superres\Src</Filter>
    </ClCompile>
  </ItemGroup>
  <ItemGroup>
    <ClInclude Include="C:\Users\nidok\Desktop\Unity\firework2_lib\opencv_contrib\modules\dnn_superres\perf\perf_precomp.hpp">
      <Filter>opencv_dnn_superres\Include</Filter>
    </ClInclude>
  </ItemGroup>
  <ItemGroup>
    <CustomBuild Include="C:\Users\nidok\Desktop\Unity\firework2_lib\opencv\modules\world\CMakeLists.txt" />
  </ItemGroup>
  <ItemGroup>
    <Filter Include="opencv_dnn_superres">
      <UniqueIdentifier>{B485ED94-7A72-3EA7-AD95-34C576A83295}</UniqueIdentifier>
    </Filter>
    <Filter Include="opencv_dnn_superres\Include">
      <UniqueIdentifier>{CD674FF5-66B5-3E1A-8804-DF60AFDCE044}</UniqueIdentifier>
    </Filter>
    <Filter Include="opencv_dnn_superres\Src">
      <UniqueIdentifier>{6A635652-A465-3038-8D79-8DB7D8D0BA82}</UniqueIdentifier>
    </Filter>
  </ItemGroup>
</Project>
