<?xml version="1.0" encoding="utf-8"?>
<Project ToolsVersion="17.0" xmlns="http://schemas.microsoft.com/developer/msbuild/2003">
  <ItemGroup>
    <ClCompile Include="C:\Users\nidok\Desktop\Unity\firework2_lib\opencv_contrib\modules\rgbd\perf\perf_main.cpp">
      <Filter>opencv_rgbd\Src</Filter>
    </ClCompile>
    <ClCompile Include="C:\Users\nidok\Desktop\Unity\firework2_lib\opencv_contrib\modules\rgbd\perf\perf_tsdf.cpp">
      <Filter>opencv_rgbd\Src</Filter>
    </ClCompile>
  </ItemGroup>
  <ItemGroup>
    <ClInclude Include="C:\Users\nidok\Desktop\Unity\firework2_lib\opencv_contrib\modules\rgbd\perf\perf_precomp.hpp">
      <Filter>opencv_rgbd\Include</Filter>
    </ClInclude>
  </ItemGroup>
  <ItemGroup>
    <CustomBuild Include="C:\Users\nidok\Desktop\Unity\firework2_lib\opencv\modules\world\CMakeLists.txt" />
  </ItemGroup>
  <ItemGroup>
    <Filter Include="opencv_rgbd">
      <UniqueIdentifier>{98B00002-5C49-3DA5-8BA9-C770EE02D7EC}</UniqueIdentifier>
    </Filter>
    <Filter Include="opencv_rgbd\Include">
      <UniqueIdentifier>{A452B8D8-415B-3D4C-B92A-B245A740AA25}</UniqueIdentifier>
    </Filter>
    <Filter Include="opencv_rgbd\Src">
      <UniqueIdentifier>{2A229ACE-3379-3E84-BB58-FFB3A2CB0E38}</UniqueIdentifier>
    </Filter>
  </ItemGroup>
</Project>
