<?xml version="1.0" encoding="utf-8"?>
<Project ToolsVersion="17.0" xmlns="http://schemas.microsoft.com/developer/msbuild/2003">
  <ItemGroup>
    <ClCompile Include="C:\Users\nidok\Desktop\Unity\firework2_lib\opencv\modules\stitching\perf\opencl\perf_stitch.cpp">
      <Filter>opencv_stitching\Src\opencl</Filter>
    </ClCompile>
    <ClCompile Include="C:\Users\nidok\Desktop\Unity\firework2_lib\opencv\modules\stitching\perf\opencl\perf_warpers.cpp">
      <Filter>opencv_stitching\Src\opencl</Filter>
    </ClCompile>
    <ClCompile Include="C:\Users\nidok\Desktop\Unity\firework2_lib\opencv\modules\stitching\perf\perf_estimators.cpp">
      <Filter>opencv_stitching\Src</Filter>
    </ClCompile>
    <ClCompile Include="C:\Users\nidok\Desktop\Unity\firework2_lib\opencv\modules\stitching\perf\perf_main.cpp">
      <Filter>opencv_stitching\Src</Filter>
    </ClCompile>
    <ClCompile Include="C:\Users\nidok\Desktop\Unity\firework2_lib\opencv\modules\stitching\perf\perf_matchers.cpp">
      <Filter>opencv_stitching\Src</Filter>
    </ClCompile>
    <ClCompile Include="C:\Users\nidok\Desktop\Unity\firework2_lib\opencv\modules\stitching\perf\perf_stich.cpp">
      <Filter>opencv_stitching\Src</Filter>
    </ClCompile>
  </ItemGroup>
  <ItemGroup>
    <ClInclude Include="C:\Users\nidok\Desktop\Unity\firework2_lib\opencv\modules\stitching\perf\perf_precomp.hpp">
      <Filter>opencv_stitching\Include</Filter>
    </ClInclude>
  </ItemGroup>
  <ItemGroup>
    <CustomBuild Include="C:\Users\nidok\Desktop\Unity\firework2_lib\opencv\modules\world\CMakeLists.txt" />
  </ItemGroup>
  <ItemGroup>
    <Filter Include="opencv_stitching">
      <UniqueIdentifier>{22FCD0AB-076A-35FE-B917-3410BF33C3E8}</UniqueIdentifier>
    </Filter>
    <Filter Include="opencv_stitching\Include">
      <UniqueIdentifier>{E023939F-C92F-33CC-885F-402AF66A14C2}</UniqueIdentifier>
    </Filter>
    <Filter Include="opencv_stitching\Src">
      <UniqueIdentifier>{4FCA4A2D-0041-3DEB-B517-56A8BD1E9616}</UniqueIdentifier>
    </Filter>
    <Filter Include="opencv_stitching\Src\opencl">
      <UniqueIdentifier>{FD7F65A4-9D8D-3148-819F-7F9D3A760548}</UniqueIdentifier>
    </Filter>
  </ItemGroup>
</Project>
