<?xml version="1.0" encoding="utf-8"?>
<Project ToolsVersion="17.0" xmlns="http://schemas.microsoft.com/developer/msbuild/2003">
  <ItemGroup>
    <ClCompile Include="C:\Users\nidok\Desktop\Unity\firework2\firework2_cvdll\CvDll\opencv_contrib\modules\aruco\test\test_aruco_tutorial.cpp">
      <Filter>opencv_aruco\Src</Filter>
    </ClCompile>
    <ClCompile Include="C:\Users\nidok\Desktop\Unity\firework2\firework2_cvdll\CvDll\opencv_contrib\modules\aruco\test\test_main.cpp">
      <Filter>opencv_aruco\Src</Filter>
    </ClCompile>
  </ItemGroup>
  <ItemGroup>
    <ClInclude Include="C:\Users\nidok\Desktop\Unity\firework2\firework2_cvdll\CvDll\opencv_contrib\modules\aruco\test\test_aruco_utils.hpp">
      <Filter>opencv_aruco\Include</Filter>
    </ClInclude>
    <ClInclude Include="C:\Users\nidok\Desktop\Unity\firework2\firework2_cvdll\CvDll\opencv_contrib\modules\aruco\test\test_precomp.hpp">
      <Filter>opencv_aruco\Include</Filter>
    </ClInclude>
  </ItemGroup>
  <ItemGroup>
    <CustomBuild Include="C:\Users\nidok\Desktop\Unity\firework2\firework2_cvdll\CvDll\opencv\modules\world\CMakeLists.txt" />
  </ItemGroup>
  <ItemGroup>
    <Filter Include="opencv_aruco">
      <UniqueIdentifier>{91D35305-FDAD-3966-9E53-E62DCE3CDCB1}</UniqueIdentifier>
    </Filter>
    <Filter Include="opencv_aruco\Include">
      <UniqueIdentifier>{9DE10522-877E-3CF2-B41A-8FD3792B5360}</UniqueIdentifier>
    </Filter>
    <Filter Include="opencv_aruco\Src">
      <UniqueIdentifier>{7BCD9575-B618-35BD-A18F-78B25FB55471}</UniqueIdentifier>
    </Filter>
  </ItemGroup>
</Project>
