<?xml version="1.0" encoding="utf-8"?>
<Project ToolsVersion="17.0" xmlns="http://schemas.microsoft.com/developer/msbuild/2003">
  <ItemGroup>
    <ClCompile Include="C:\Users\nidok\Desktop\Unity\firework2_lib\opencv_contrib\modules\stereo\perf\perf_bm.cpp">
      <Filter>opencv_stereo\Src</Filter>
    </ClCompile>
    <ClCompile Include="C:\Users\nidok\Desktop\Unity\firework2_lib\opencv_contrib\modules\stereo\perf\perf_descriptor.cpp">
      <Filter>opencv_stereo\Src</Filter>
    </ClCompile>
    <ClCompile Include="C:\Users\nidok\Desktop\Unity\firework2_lib\opencv_contrib\modules\stereo\perf\perf_main.cpp">
      <Filter>opencv_stereo\Src</Filter>
    </ClCompile>
  </ItemGroup>
  <ItemGroup>
    <ClInclude Include="C:\Users\nidok\Desktop\Unity\firework2_lib\opencv_contrib\modules\stereo\perf\perf_precomp.hpp">
      <Filter>opencv_stereo\Include</Filter>
    </ClInclude>
  </ItemGroup>
  <ItemGroup>
    <CustomBuild Include="C:\Users\nidok\Desktop\Unity\firework2_lib\opencv\modules\world\CMakeLists.txt" />
  </ItemGroup>
  <ItemGroup>
    <Filter Include="opencv_stereo">
      <UniqueIdentifier>{93CC41EC-4126-330C-A40C-BC6B788E1B5B}</UniqueIdentifier>
    </Filter>
    <Filter Include="opencv_stereo\Include">
      <UniqueIdentifier>{4A0A1FBA-D271-3899-AD79-A0186CEA9324}</UniqueIdentifier>
    </Filter>
    <Filter Include="opencv_stereo\Src">
      <UniqueIdentifier>{8F698921-425E-3CCE-A780-9E7CBCCEFCFC}</UniqueIdentifier>
    </Filter>
  </ItemGroup>
</Project>
