<?xml version="1.0" encoding="utf-8"?>
<Project ToolsVersion="17.0" xmlns="http://schemas.microsoft.com/developer/msbuild/2003">
  <ItemGroup>
    <ClCompile Include="C:\Users\nidok\Desktop\Unity\firework2_lib\opencv_contrib\modules\xphoto\perf\perf_grayworld.cpp">
      <Filter>opencv_xphoto\Src</Filter>
    </ClCompile>
    <ClCompile Include="C:\Users\nidok\Desktop\Unity\firework2_lib\opencv_contrib\modules\xphoto\perf\perf_learning_based_color_balance.cpp">
      <Filter>opencv_xphoto\Src</Filter>
    </ClCompile>
    <ClCompile Include="C:\Users\nidok\Desktop\Unity\firework2_lib\opencv_contrib\modules\xphoto\perf\perf_main.cpp">
      <Filter>opencv_xphoto\Src</Filter>
    </ClCompile>
  </ItemGroup>
  <ItemGroup>
    <ClInclude Include="C:\Users\nidok\Desktop\Unity\firework2_lib\opencv_contrib\modules\xphoto\perf\perf_precomp.hpp">
      <Filter>opencv_xphoto\Include</Filter>
    </ClInclude>
  </ItemGroup>
  <ItemGroup>
    <CustomBuild Include="C:\Users\nidok\Desktop\Unity\firework2_lib\opencv\modules\world\CMakeLists.txt" />
  </ItemGroup>
  <ItemGroup>
    <Filter Include="opencv_xphoto">
      <UniqueIdentifier>{713DE738-C87B-31AB-BB90-754BF7DF1F66}</UniqueIdentifier>
    </Filter>
    <Filter Include="opencv_xphoto\Include">
      <UniqueIdentifier>{0DF1A6E7-0F05-3169-9629-0CB773D20E1A}</UniqueIdentifier>
    </Filter>
    <Filter Include="opencv_xphoto\Src">
      <UniqueIdentifier>{79DB800E-A63E-3367-B502-CF378EB8A713}</UniqueIdentifier>
    </Filter>
  </ItemGroup>
</Project>
