<?xml version="1.0" encoding="utf-8"?>
<Project ToolsVersion="17.0" xmlns="http://schemas.microsoft.com/developer/msbuild/2003">
  <ItemGroup>
    <ClCompile Include="C:\Users\nidok\Desktop\Unity\firework2\firework2_cvdll\CvDll\opencv_contrib\modules\phase_unwrapping\test\test_main.cpp">
      <Filter>opencv_phase_unwrapping\Src</Filter>
    </ClCompile>
    <ClCompile Include="C:\Users\nidok\Desktop\Unity\firework2\firework2_cvdll\CvDll\opencv_contrib\modules\phase_unwrapping\test\test_unwrapping.cpp">
      <Filter>opencv_phase_unwrapping\Src</Filter>
    </ClCompile>
  </ItemGroup>
  <ItemGroup>
    <ClInclude Include="C:\Users\nidok\Desktop\Unity\firework2\firework2_cvdll\CvDll\opencv_contrib\modules\phase_unwrapping\test\test_precomp.hpp">
      <Filter>opencv_phase_unwrapping\Include</Filter>
    </ClInclude>
  </ItemGroup>
  <ItemGroup>
    <CustomBuild Include="C:\Users\nidok\Desktop\Unity\firework2\firework2_cvdll\CvDll\opencv\modules\world\CMakeLists.txt" />
  </ItemGroup>
  <ItemGroup>
    <Filter Include="opencv_phase_unwrapping">
      <UniqueIdentifier>{504316E9-C414-3AEF-B2F2-75C7203617C3}</UniqueIdentifier>
    </Filter>
    <Filter Include="opencv_phase_unwrapping\Include">
      <UniqueIdentifier>{85342DF4-D648-3CB1-9EE4-9C0643488A10}</UniqueIdentifier>
    </Filter>
    <Filter Include="opencv_phase_unwrapping\Src">
      <UniqueIdentifier>{99901049-BA16-3D77-8716-380DF0BAAAE8}</UniqueIdentifier>
    </Filter>
  </ItemGroup>
</Project>
