<?xml version="1.0" encoding="utf-8"?>
<Project ToolsVersion="17.0" xmlns="http://schemas.microsoft.com/developer/msbuild/2003">
  <ItemGroup>
    <ClCompile Include="C:\Users\nidok\Desktop\Unity\firework2\firework2_cvdll\CvDll\opencv_contrib\modules\bgsegm\test\test_backgroundsubtractor_gbh.cpp">
      <Filter>opencv_bgsegm\Src</Filter>
    </ClCompile>
    <ClCompile Include="C:\Users\nidok\Desktop\Unity\firework2\firework2_cvdll\CvDll\opencv_contrib\modules\bgsegm\test\test_backgroundsubtractor_lsbp.cpp">
      <Filter>opencv_bgsegm\Src</Filter>
    </ClCompile>
    <ClCompile Include="C:\Users\nidok\Desktop\Unity\firework2\firework2_cvdll\CvDll\opencv_contrib\modules\bgsegm\test\test_main.cpp">
      <Filter>opencv_bgsegm\Src</Filter>
    </ClCompile>
  </ItemGroup>
  <ItemGroup>
    <ClInclude Include="C:\Users\nidok\Desktop\Unity\firework2\firework2_cvdll\CvDll\opencv_contrib\modules\bgsegm\test\test_precomp.hpp">
      <Filter>opencv_bgsegm\Include</Filter>
    </ClInclude>
  </ItemGroup>
  <ItemGroup>
    <CustomBuild Include="C:\Users\nidok\Desktop\Unity\firework2\firework2_cvdll\CvDll\opencv\modules\world\CMakeLists.txt" />
  </ItemGroup>
  <ItemGroup>
    <Filter Include="opencv_bgsegm">
      <UniqueIdentifier>{AD814B36-AC44-34CA-824E-4FFCB33DEE0B}</UniqueIdentifier>
    </Filter>
    <Filter Include="opencv_bgsegm\Include">
      <UniqueIdentifier>{1BC90CF6-D2D6-388E-B3B7-83F3FFECB11E}</UniqueIdentifier>
    </Filter>
    <Filter Include="opencv_bgsegm\Src">
      <UniqueIdentifier>{6D4D37EB-2BE5-3677-A4D9-E33C691C7739}</UniqueIdentifier>
    </Filter>
  </ItemGroup>
</Project>
