<?xml version="1.0" encoding="utf-8"?>
<Project ToolsVersion="17.0" xmlns="http://schemas.microsoft.com/developer/msbuild/2003">
  <ItemGroup>
    <ClCompile Include="C:\Users\nidok\Desktop\Unity\firework2_lib\opencv_contrib\modules\fuzzy\test\test_f0.cpp">
      <Filter>opencv_fuzzy\Src</Filter>
    </ClCompile>
    <ClCompile Include="C:\Users\nidok\Desktop\Unity\firework2_lib\opencv_contrib\modules\fuzzy\test\test_f1.cpp">
      <Filter>opencv_fuzzy\Src</Filter>
    </ClCompile>
    <ClCompile Include="C:\Users\nidok\Desktop\Unity\firework2_lib\opencv_contrib\modules\fuzzy\test\test_image.cpp">
      <Filter>opencv_fuzzy\Src</Filter>
    </ClCompile>
    <ClCompile Include="C:\Users\nidok\Desktop\Unity\firework2_lib\opencv_contrib\modules\fuzzy\test\test_main.cpp">
      <Filter>opencv_fuzzy\Src</Filter>
    </ClCompile>
  </ItemGroup>
  <ItemGroup>
    <ClInclude Include="C:\Users\nidok\Desktop\Unity\firework2_lib\opencv_contrib\modules\fuzzy\test\test_precomp.hpp">
      <Filter>opencv_fuzzy\Include</Filter>
    </ClInclude>
  </ItemGroup>
  <ItemGroup>
    <CustomBuild Include="C:\Users\nidok\Desktop\Unity\firework2_lib\opencv\modules\world\CMakeLists.txt" />
  </ItemGroup>
  <ItemGroup>
    <Filter Include="opencv_fuzzy">
      <UniqueIdentifier>{98F5F6E6-19AF-3372-8760-AA5613CA2158}</UniqueIdentifier>
    </Filter>
    <Filter Include="opencv_fuzzy\Include">
      <UniqueIdentifier>{70B2F84E-CDF5-3501-9BE1-EEBDE8B56270}</UniqueIdentifier>
    </Filter>
    <Filter Include="opencv_fuzzy\Src">
      <UniqueIdentifier>{482089B3-F2C6-3129-8963-E66531A2C33F}</UniqueIdentifier>
    </Filter>
  </ItemGroup>
</Project>
