<?xml version="1.0" encoding="utf-8"?>
<Project ToolsVersion="17.0" xmlns="http://schemas.microsoft.com/developer/msbuild/2003">
  <ItemGroup>
    <ClCompile Include="C:\Users\nidok\Desktop\Unity\firework2\firework2_cvdll\CvDll\opencv\custombuild\modules\optflow\CMakeFiles\opencv_optflow.dir\cmake_pch.cxx">
      <Filter>Source Files</Filter>
    </ClCompile>
    <ClCompile Include="C:\Users\nidok\Desktop\Unity\firework2\firework2_cvdll\CvDll\opencv_contrib\modules\optflow\src\deepflow.cpp">
      <Filter>Src</Filter>
    </ClCompile>
    <ClCompile Include="C:\Users\nidok\Desktop\Unity\firework2\firework2_cvdll\CvDll\opencv_contrib\modules\optflow\src\interfaces.cpp">
      <Filter>Src</Filter>
    </ClCompile>
    <ClCompile Include="C:\Users\nidok\Desktop\Unity\firework2\firework2_cvdll\CvDll\opencv_contrib\modules\optflow\src\motempl.cpp">
      <Filter>Src</Filter>
    </ClCompile>
    <ClCompile Include="C:\Users\nidok\Desktop\Unity\firework2\firework2_cvdll\CvDll\opencv_contrib\modules\optflow\src\pcaflow.cpp">
      <Filter>Src</Filter>
    </ClCompile>
    <ClCompile Include="C:\Users\nidok\Desktop\Unity\firework2\firework2_cvdll\CvDll\opencv_contrib\modules\optflow\src\rlof\geo_interpolation.cpp">
      <Filter>Src\rlof</Filter>
    </ClCompile>
    <ClCompile Include="C:\Users\nidok\Desktop\Unity\firework2\firework2_cvdll\CvDll\opencv_contrib\modules\optflow\src\rlof\rlof_localflow.cpp">
      <Filter>Src\rlof</Filter>
    </ClCompile>
    <ClCompile Include="C:\Users\nidok\Desktop\Unity\firework2\firework2_cvdll\CvDll\opencv_contrib\modules\optflow\src\rlofflow.cpp">
      <Filter>Src</Filter>
    </ClCompile>
    <ClCompile Include="C:\Users\nidok\Desktop\Unity\firework2\firework2_cvdll\CvDll\opencv_contrib\modules\optflow\src\simpleflow.cpp">
      <Filter>Src</Filter>
    </ClCompile>
    <ClCompile Include="C:\Users\nidok\Desktop\Unity\firework2\firework2_cvdll\CvDll\opencv_contrib\modules\optflow\src\sparse_matching_gpc.cpp">
      <Filter>Src</Filter>
    </ClCompile>
    <ClCompile Include="C:\Users\nidok\Desktop\Unity\firework2\firework2_cvdll\CvDll\opencv_contrib\modules\optflow\src\sparsetodenseflow.cpp">
      <Filter>Src</Filter>
    </ClCompile>
    <ClCompile Include="C:\Users\nidok\Desktop\Unity\firework2\firework2_cvdll\CvDll\opencv_contrib\modules\optflow\src\tvl1flow.cpp">
      <Filter>Src</Filter>
    </ClCompile>
    <ClCompile Include="C:\Users\nidok\Desktop\Unity\firework2\firework2_cvdll\CvDll\opencv\custombuild\modules\optflow\opencl_kernels_optflow.cpp">
      <Filter>Src\opencl\kernels\autogenerated</Filter>
    </ClCompile>
    <ClCompile Include="C:\Users\nidok\Desktop\Unity\firework2\firework2_cvdll\CvDll\opencv\custombuild\modules\optflow\opencv_optflow_main.cpp">
      <Filter>Source Files</Filter>
    </ClCompile>
  </ItemGroup>
  <ItemGroup>
    <ClInclude Include="C:\Users\nidok\Desktop\Unity\firework2\firework2_cvdll\CvDll\opencv_contrib\modules\optflow\include\opencv2\optflow.hpp">
      <Filter>Include\opencv2</Filter>
    </ClInclude>
    <ClInclude Include="C:\Users\nidok\Desktop\Unity\firework2\firework2_cvdll\CvDll\opencv_contrib\modules\optflow\include\opencv2\optflow\motempl.hpp">
      <Filter>Include\opencv2\optflow</Filter>
    </ClInclude>
    <ClInclude Include="C:\Users\nidok\Desktop\Unity\firework2\firework2_cvdll\CvDll\opencv_contrib\modules\optflow\include\opencv2\optflow\pcaflow.hpp">
      <Filter>Include\opencv2\optflow</Filter>
    </ClInclude>
    <ClInclude Include="C:\Users\nidok\Desktop\Unity\firework2\firework2_cvdll\CvDll\opencv_contrib\modules\optflow\include\opencv2\optflow\rlofflow.hpp">
      <Filter>Include\opencv2\optflow</Filter>
    </ClInclude>
    <ClInclude Include="C:\Users\nidok\Desktop\Unity\firework2\firework2_cvdll\CvDll\opencv_contrib\modules\optflow\include\opencv2\optflow\sparse_matching_gpc.hpp">
      <Filter>Include\opencv2\optflow</Filter>
    </ClInclude>
    <ClInclude Include="C:\Users\nidok\Desktop\Unity\firework2\firework2_cvdll\CvDll\opencv\custombuild\modules\optflow\opencl_kernels_optflow.hpp">
      <Filter>Src\opencl\kernels\autogenerated</Filter>
    </ClInclude>
    <ClInclude Include="C:\Users\nidok\Desktop\Unity\firework2\firework2_cvdll\CvDll\opencv_contrib\modules\optflow\src\precomp.hpp">
      <Filter>Src</Filter>
    </ClInclude>
    <ClInclude Include="C:\Users\nidok\Desktop\Unity\firework2\firework2_cvdll\CvDll\opencv_contrib\modules\optflow\src\rlof\berlof_invoker.hpp">
      <Filter>Src\rlof</Filter>
    </ClInclude>
    <ClInclude Include="C:\Users\nidok\Desktop\Unity\firework2\firework2_cvdll\CvDll\opencv_contrib\modules\optflow\src\rlof\geo_interpolation.hpp">
      <Filter>Src\rlof</Filter>
    </ClInclude>
    <ClInclude Include="C:\Users\nidok\Desktop\Unity\firework2\firework2_cvdll\CvDll\opencv_contrib\modules\optflow\src\rlof\plk_invoker.hpp">
      <Filter>Src\rlof</Filter>
    </ClInclude>
    <ClInclude Include="C:\Users\nidok\Desktop\Unity\firework2\firework2_cvdll\CvDll\opencv_contrib\modules\optflow\src\rlof\rlof_invoker.hpp">
      <Filter>Src\rlof</Filter>
    </ClInclude>
    <ClInclude Include="C:\Users\nidok\Desktop\Unity\firework2\firework2_cvdll\CvDll\opencv_contrib\modules\optflow\src\rlof\rlof_invokerbase.hpp">
      <Filter>Src\rlof</Filter>
    </ClInclude>
    <ClInclude Include="C:\Users\nidok\Desktop\Unity\firework2\firework2_cvdll\CvDll\opencv_contrib\modules\optflow\src\rlof\rlof_localflow.h">
      <Filter>Src\rlof</Filter>
    </ClInclude>
    <ClInclude Include="C:\Users\nidok\Desktop\Unity\firework2\firework2_cvdll\CvDll\opencv\custombuild\cvconfig.h">
      <Filter>Include</Filter>
    </ClInclude>
    <ClInclude Include="C:\Users\nidok\Desktop\Unity\firework2\firework2_cvdll\CvDll\opencv\custombuild\opencv2\opencv_modules.hpp">
      <Filter>Include</Filter>
    </ClInclude>
    <ClInclude Include="C:\Users\nidok\Desktop\Unity\firework2\firework2_cvdll\CvDll\opencv\custombuild\modules\optflow\CMakeFiles\opencv_optflow.dir\Debug\cmake_pch.hxx">
      <Filter>Precompile Header File</Filter>
    </ClInclude>
    <ClInclude Include="C:\Users\nidok\Desktop\Unity\firework2\firework2_cvdll\CvDll\opencv\custombuild\modules\optflow\CMakeFiles\opencv_optflow.dir\Release\cmake_pch.hxx">
      <Filter>Precompile Header File</Filter>
    </ClInclude>
  </ItemGroup>
  <ItemGroup>
    <CustomBuild Include="C:\Users\nidok\Desktop\Unity\firework2\firework2_cvdll\CvDll\opencv\custombuild\CMakeFiles\3d3f2f481c7b97d2d4ef89a3cfe26c51\opencl_kernels_optflow.cpp.rule">
      <Filter>CMake Rules</Filter>
    </CustomBuild>
    <CustomBuild Include="C:\Users\nidok\Desktop\Unity\firework2\firework2_cvdll\CvDll\opencv_contrib\modules\optflow\CMakeLists.txt" />
  </ItemGroup>
  <ItemGroup>
    <None Include="C:\Users\nidok\Desktop\Unity\firework2\firework2_cvdll\CvDll\opencv_contrib\modules\optflow\src\opencl\optical_flow_tvl1.cl">
      <Filter>Src\opencl\kernels</Filter>
    </None>
    <None Include="C:\Users\nidok\Desktop\Unity\firework2\firework2_cvdll\CvDll\opencv_contrib\modules\optflow\src\opencl\sparse_matching_gpc.cl">
      <Filter>Src\opencl\kernels</Filter>
    </None>
    <None Include="C:\Users\nidok\Desktop\Unity\firework2\firework2_cvdll\CvDll\opencv_contrib\modules\optflow\src\opencl\updatemotionhistory.cl">
      <Filter>Src\opencl\kernels</Filter>
    </None>
  </ItemGroup>
  <ItemGroup>
    <ResourceCompile Include="C:\Users\nidok\Desktop\Unity\firework2\firework2_cvdll\CvDll\opencv\custombuild\modules\optflow\vs_version.rc">
      <Filter>Src</Filter>
    </ResourceCompile>
  </ItemGroup>
  <ItemGroup>
    <Filter Include="CMake Rules">
      <UniqueIdentifier>{70DD7B4F-1593-3998-857D-D874081A8EE2}</UniqueIdentifier>
    </Filter>
    <Filter Include="Include">
      <UniqueIdentifier>{CCAE1D5D-FA11-3081-9F19-EAEF614A3B41}</UniqueIdentifier>
    </Filter>
    <Filter Include="Include\opencv2">
      <UniqueIdentifier>{694E96D4-D6C9-35E3-98D3-E171231C342A}</UniqueIdentifier>
    </Filter>
    <Filter Include="Include\opencv2\optflow">
      <UniqueIdentifier>{F7438123-9B25-349E-8F0E-80D8426B36CC}</UniqueIdentifier>
    </Filter>
    <Filter Include="Precompile Header File">
      <UniqueIdentifier>{8E9E4D7D-DEC3-3F44-B804-FA0DA4386C7D}</UniqueIdentifier>
    </Filter>
    <Filter Include="Source Files">
      <UniqueIdentifier>{B1336E2B-79D1-3D9D-BDFA-50C5434CFF18}</UniqueIdentifier>
    </Filter>
    <Filter Include="Src">
      <UniqueIdentifier>{F3FD9B2D-6507-34FC-9E70-AF849E217259}</UniqueIdentifier>
    </Filter>
    <Filter Include="Src\opencl">
      <UniqueIdentifier>{88CBD861-DDE3-31F1-8B11-FF88CB9AFF73}</UniqueIdentifier>
    </Filter>
    <Filter Include="Src\opencl\kernels">
      <UniqueIdentifier>{30F1752E-B973-3ED9-9187-2FB192A1ACDF}</UniqueIdentifier>
    </Filter>
    <Filter Include="Src\opencl\kernels\autogenerated">
      <UniqueIdentifier>{EB05B614-C805-3214-A29B-5272A4E6C094}</UniqueIdentifier>
    </Filter>
    <Filter Include="Src\rlof">
      <UniqueIdentifier>{465515B2-2020-365D-B2AD-11E95B0D2770}</UniqueIdentifier>
    </Filter>
  </ItemGroup>
</Project>
