<?xml version="1.0" encoding="utf-8"?>
<Project ToolsVersion="17.0" xmlns="http://schemas.microsoft.com/developer/msbuild/2003">
  <ItemGroup>
    <CustomBuild Include="C:\Users\nidok\Desktop\Unity\firework2\firework2_cvdll\CvDll\opencv\custombuild\CMakeFiles\6ff8757a8e680cbddfe08fcc8c8b682c\INSTALL_force.rule">
      <Filter>CMake Rules</Filter>
    </CustomBuild>
  </ItemGroup>
  <ItemGroup>
    <Filter Include="CMake Rules">
      <UniqueIdentifier>{70DD7B4F-1593-3998-857D-D874081A8EE2}</UniqueIdentifier>
    </Filter>
  </ItemGroup>
</Project>
