<?xml version="1.0" encoding="utf-8"?>
<Project ToolsVersion="17.0" xmlns="http://schemas.microsoft.com/developer/msbuild/2003">
  <ItemGroup>
    <ClCompile Include="C:\Users\nidok\Desktop\Unity\firework2_lib\opencv_contrib\modules\img_hash\src\average_hash.cpp">
      <Filter>Src</Filter>
    </ClCompile>
    <ClCompile Include="C:\Users\nidok\Desktop\Unity\firework2_lib\opencv_contrib\modules\img_hash\src\block_mean_hash.cpp">
      <Filter>Src</Filter>
    </ClCompile>
    <ClCompile Include="C:\Users\nidok\Desktop\Unity\firework2_lib\opencv_contrib\modules\img_hash\src\color_moment_hash.cpp">
      <Filter>Src</Filter>
    </ClCompile>
    <ClCompile Include="C:\Users\nidok\Desktop\Unity\firework2_lib\opencv_contrib\modules\img_hash\src\img_hash_base.cpp">
      <Filter>Src</Filter>
    </ClCompile>
    <ClCompile Include="C:\Users\nidok\Desktop\Unity\firework2_lib\opencv_contrib\modules\img_hash\src\marr_hildreth_hash.cpp">
      <Filter>Src</Filter>
    </ClCompile>
    <ClCompile Include="C:\Users\nidok\Desktop\Unity\firework2_lib\opencv_contrib\modules\img_hash\src\phash.cpp">
      <Filter>Src</Filter>
    </ClCompile>
    <ClCompile Include="C:\Users\nidok\Desktop\Unity\firework2_lib\opencv_contrib\modules\img_hash\src\radial_variance_hash.cpp">
      <Filter>Src</Filter>
    </ClCompile>
    <ClCompile Include="C:\Users\nidok\Desktop\Unity\firework2_lib\opencv\custombuild\modules\img_hash\opencv_img_hash_main.cpp">
      <Filter>Source Files</Filter>
    </ClCompile>
  </ItemGroup>
  <ItemGroup>
    <ClInclude Include="C:\Users\nidok\Desktop\Unity\firework2_lib\opencv_contrib\modules\img_hash\include\opencv2\img_hash.hpp">
      <Filter>Include\opencv2</Filter>
    </ClInclude>
    <ClInclude Include="C:\Users\nidok\Desktop\Unity\firework2_lib\opencv_contrib\modules\img_hash\include\opencv2\img_hash\average_hash.hpp">
      <Filter>Include\opencv2\img_hash</Filter>
    </ClInclude>
    <ClInclude Include="C:\Users\nidok\Desktop\Unity\firework2_lib\opencv_contrib\modules\img_hash\include\opencv2\img_hash\block_mean_hash.hpp">
      <Filter>Include\opencv2\img_hash</Filter>
    </ClInclude>
    <ClInclude Include="C:\Users\nidok\Desktop\Unity\firework2_lib\opencv_contrib\modules\img_hash\include\opencv2\img_hash\color_moment_hash.hpp">
      <Filter>Include\opencv2\img_hash</Filter>
    </ClInclude>
    <ClInclude Include="C:\Users\nidok\Desktop\Unity\firework2_lib\opencv_contrib\modules\img_hash\include\opencv2\img_hash\img_hash_base.hpp">
      <Filter>Include\opencv2\img_hash</Filter>
    </ClInclude>
    <ClInclude Include="C:\Users\nidok\Desktop\Unity\firework2_lib\opencv_contrib\modules\img_hash\include\opencv2\img_hash\marr_hildreth_hash.hpp">
      <Filter>Include\opencv2\img_hash</Filter>
    </ClInclude>
    <ClInclude Include="C:\Users\nidok\Desktop\Unity\firework2_lib\opencv_contrib\modules\img_hash\include\opencv2\img_hash\phash.hpp">
      <Filter>Include\opencv2\img_hash</Filter>
    </ClInclude>
    <ClInclude Include="C:\Users\nidok\Desktop\Unity\firework2_lib\opencv_contrib\modules\img_hash\include\opencv2\img_hash\radial_variance_hash.hpp">
      <Filter>Include\opencv2\img_hash</Filter>
    </ClInclude>
    <ClInclude Include="C:\Users\nidok\Desktop\Unity\firework2_lib\opencv_contrib\modules\img_hash\src\precomp.hpp">
      <Filter>Src</Filter>
    </ClInclude>
    <ClInclude Include="C:\Users\nidok\Desktop\Unity\firework2_lib\opencv\custombuild\cvconfig.h">
      <Filter>Include</Filter>
    </ClInclude>
    <ClInclude Include="C:\Users\nidok\Desktop\Unity\firework2_lib\opencv\custombuild\opencv2\opencv_modules.hpp">
      <Filter>Include</Filter>
    </ClInclude>
  </ItemGroup>
  <ItemGroup>
    <CustomBuild Include="C:\Users\nidok\Desktop\Unity\firework2_lib\opencv_contrib\modules\img_hash\CMakeLists.txt" />
  </ItemGroup>
  <ItemGroup>
    <ResourceCompile Include="C:\Users\nidok\Desktop\Unity\firework2_lib\opencv\custombuild\modules\img_hash\vs_version.rc">
      <Filter>Src</Filter>
    </ResourceCompile>
  </ItemGroup>
  <ItemGroup>
    <Filter Include="Include">
      <UniqueIdentifier>{32E99D9F-2C24-3883-839C-0004385A32EC}</UniqueIdentifier>
    </Filter>
    <Filter Include="Include\opencv2">
      <UniqueIdentifier>{6D74CC8A-3729-3B09-AEF2-783107A8D382}</UniqueIdentifier>
    </Filter>
    <Filter Include="Include\opencv2\img_hash">
      <UniqueIdentifier>{2FD54CB6-2D6B-3035-89C3-68F4627F232C}</UniqueIdentifier>
    </Filter>
    <Filter Include="Source Files">
      <UniqueIdentifier>{F72FD43B-10C7-32E7-B229-FA128CC92BE9}</UniqueIdentifier>
    </Filter>
    <Filter Include="Src">
      <UniqueIdentifier>{C8E11CEB-AA9D-3593-AB50-3471307F4C3E}</UniqueIdentifier>
    </Filter>
  </ItemGroup>
</Project>
